// !$*UTF8*$!
{
	archiveVersion = 1;
	classes = {
	};
	objectVersion = 46;
	objects = {

/* Begin PBXBuildFile section */
		C836459C1DB564BD00766F23 /* SettingsViewController.swift in Sources */ = {isa = PBXBuildFile; fileRef = C836459B1DB564BD00766F23 /* SettingsViewController.swift */; };
		C836459F1DB566CB00766F23 /* Constants.swift in Sources */ = {isa = PBXBuildFile; fileRef = C836459E1DB566CB00766F23 /* Constants.swift */; };
		C83645A11DB5673B00766F23 /* UrlBuilderUtil.swift in Sources */ = {isa = PBXBuildFile; fileRef = C83645A01DB5673B00766F23 /* UrlBuilderUtil.swift */; };
		C83645A31DB5688600766F23 /* ForsquareService.swift in Sources */ = {isa = PBXBuildFile; fileRef = C83645A21DB5688600766F23 /* ForsquareService.swift */; };
		C83645A51DB569DA00766F23 /* HttpErrorHandler.swift in Sources */ = {isa = PBXBuildFile; fileRef = C83645A41DB569DA00766F23 /* HttpErrorHandler.swift */; };
		C83645A71DB5793600766F23 /* VenueModel.swift in Sources */ = {isa = PBXBuildFile; fileRef = C83645A61DB5793600766F23 /* VenueModel.swift */; };
		C83645AB1DB611CB00766F23 /* LocationModel.swift in Sources */ = {isa = PBXBuildFile; fileRef = C83645AA1DB611CB00766F23 /* LocationModel.swift */; };
		C83645AF1DB6191100766F23 /* VenuTableViewCell.swift in Sources */ = {isa = PBXBuildFile; fileRef = C83645AE1DB6191100766F23 /* VenuTableViewCell.swift */; };
		C839CCE71DB5043400E85E37 /* AppDelegate.swift in Sources */ = {isa = PBXBuildFile; fileRef = C839CCE61DB5043400E85E37 /* AppDelegate.swift */; };
		C839CCEE1DB5043400E85E37 /* Assets.xcassets in Resources */ = {isa = PBXBuildFile; fileRef = C839CCED1DB5043400E85E37 /* Assets.xcassets */; };
		C839CCF11DB5043400E85E37 /* LaunchScreen.storyboard in Resources */ = {isa = PBXBuildFile; fileRef = C839CCEF1DB5043400E85E37 /* LaunchScreen.storyboard */; };
		C839CCFC1DB5043400E85E37 /* Look_AroundTests.swift in Sources */ = {isa = PBXBuildFile; fileRef = C839CCFB1DB5043400E85E37 /* Look_AroundTests.swift */; };
		C839CD0B1DB5057A00E85E37 /* Main.storyboard in Resources */ = {isa = PBXBuildFile; fileRef = C839CD0A1DB5057A00E85E37 /* Main.storyboard */; };
		C839CD0D1DB50AC900E85E37 /* BaseViewController.swift in Sources */ = {isa = PBXBuildFile; fileRef = C839CD0C1DB50AC900E85E37 /* BaseViewController.swift */; };
		C839CD0F1DB50B1200E85E37 /* ResultContainerViewController.swift in Sources */ = {isa = PBXBuildFile; fileRef = C839CD0E1DB50B1200E85E37 /* ResultContainerViewController.swift */; };
		C839CD111DB50B4100E85E37 /* MapViewController.swift in Sources */ = {isa = PBXBuildFile; fileRef = C839CD101DB50B4100E85E37 /* MapViewController.swift */; };
		C839CD131DB50B5A00E85E37 /* ResultListViewController.swift in Sources */ = {isa = PBXBuildFile; fileRef = C839CD121DB50B5A00E85E37 /* ResultListViewController.swift */; };
		C8A997F01DB634C600B174DD /* UIViewController+Activity.swift in Sources */ = {isa = PBXBuildFile; fileRef = C8A997EF1DB634C600B174DD /* UIViewController+Activity.swift */; };
		D3BAAA307D00FF2AFCFB1D96 /* Pods_Look_AroundTests.framework in Frameworks */ = {isa = PBXBuildFile; fileRef = 689402B2363524CC466A9EA9 /* Pods_Look_AroundTests.framework */; };
		E0F3763B54BAFE315D8471CE /* Pods_Look_Around.framework in Frameworks */ = {isa = PBXBuildFile; fileRef = A2B7E3A9BA39E4D020B28A9D /* Pods_Look_Around.framework */; };
/* End PBXBuildFile section */

/* Begin PBXContainerItemProxy section */
		C839CCF81DB5043400E85E37 /* PBXContainerItemProxy */ = {
			isa = PBXContainerItemProxy;
			containerPortal = C839CCDB1DB5043400E85E37 /* Project object */;
			proxyType = 1;
			remoteGlobalIDString = C839CCE21DB5043400E85E37;
			remoteInfo = "Look Around";
		};
/* End PBXContainerItemProxy section */

/* Begin PBXFileReference section */
		27B06FF1A19743FA08326E93 /* Pods-Look Around.debug.xcconfig */ = {isa = PBXFileReference; includeInIndex = 1; lastKnownFileType = text.xcconfig; name = "Pods-Look Around.debug.xcconfig"; path = "Pods/Target Support Files/Pods-Look Around/Pods-Look Around.debug.xcconfig"; sourceTree = "<group>"; };
		449A776F9C4FB86B2E9580D6 /* Pods-Look Around.release.xcconfig */ = {isa = PBXFileReference; includeInIndex = 1; lastKnownFileType = text.xcconfig; name = "Pods-Look Around.release.xcconfig"; path = "Pods/Target Support Files/Pods-Look Around/Pods-Look Around.release.xcconfig"; sourceTree = "<group>"; };
		689402B2363524CC466A9EA9 /* Pods_Look_AroundTests.framework */ = {isa = PBXFileReference; explicitFileType = wrapper.framework; includeInIndex = 0; path = Pods_Look_AroundTests.framework; sourceTree = BUILT_PRODUCTS_DIR; };
		A2B7E3A9BA39E4D020B28A9D /* Pods_Look_Around.framework */ = {isa = PBXFileReference; explicitFileType = wrapper.framework; includeInIndex = 0; path = Pods_Look_Around.framework; sourceTree = BUILT_PRODUCTS_DIR; };
		A9B056D8E883373351D68371 /* Pods-Look AroundTests.debug.xcconfig */ = {isa = PBXFileReference; includeInIndex = 1; lastKnownFileType = text.xcconfig; name = "Pods-Look AroundTests.debug.xcconfig"; path = "Pods/Target Support Files/Pods-Look AroundTests/Pods-Look AroundTests.debug.xcconfig"; sourceTree = "<group>"; };
		BCBE6E66D25A513D6BDF8350 /* Pods-Look AroundTests.release.xcconfig */ = {isa = PBXFileReference; includeInIndex = 1; lastKnownFileType = text.xcconfig; name = "Pods-Look AroundTests.release.xcconfig"; path = "Pods/Target Support Files/Pods-Look AroundTests/Pods-Look AroundTests.release.xcconfig"; sourceTree = "<group>"; };
		C836459B1DB564BD00766F23 /* SettingsViewController.swift */ = {isa = PBXFileReference; fileEncoding = 4; lastKnownFileType = sourcecode.swift; path = SettingsViewController.swift; sourceTree = "<group>"; };
		C836459E1DB566CB00766F23 /* Constants.swift */ = {isa = PBXFileReference; fileEncoding = 4; lastKnownFileType = sourcecode.swift; path = Constants.swift; sourceTree = "<group>"; };
		C83645A01DB5673B00766F23 /* UrlBuilderUtil.swift */ = {isa = PBXFileReference; fileEncoding = 4; lastKnownFileType = sourcecode.swift; path = UrlBuilderUtil.swift; sourceTree = "<group>"; };
		C83645A21DB5688600766F23 /* ForsquareService.swift */ = {isa = PBXFileReference; fileEncoding = 4; lastKnownFileType = sourcecode.swift; path = ForsquareService.swift; sourceTree = "<group>"; };
		C83645A41DB569DA00766F23 /* HttpErrorHandler.swift */ = {isa = PBXFileReference; fileEncoding = 4; lastKnownFileType = sourcecode.swift; path = HttpErrorHandler.swift; sourceTree = "<group>"; };
		C83645A61DB5793600766F23 /* VenueModel.swift */ = {isa = PBXFileReference; fileEncoding = 4; lastKnownFileType = sourcecode.swift; path = VenueModel.swift; sourceTree = "<group>"; };
		C83645A81DB57C2D00766F23 /* CoreLocation.framework */ = {isa = PBXFileReference; lastKnownFileType = wrapper.framework; name = CoreLocation.framework; path = System/Library/Frameworks/CoreLocation.framework; sourceTree = SDKROOT; };
		C83645AA1DB611CB00766F23 /* LocationModel.swift */ = {isa = PBXFileReference; fileEncoding = 4; lastKnownFileType = sourcecode.swift; path = LocationModel.swift; sourceTree = "<group>"; };
		C83645AE1DB6191100766F23 /* VenuTableViewCell.swift */ = {isa = PBXFileReference; fileEncoding = 4; lastKnownFileType = sourcecode.swift; path = VenuTableViewCell.swift; sourceTree = "<group>"; };
		C839CCE31DB5043400E85E37 /* Look Around.app */ = {isa = PBXFileReference; explicitFileType = wrapper.application; includeInIndex = 0; path = "Look Around.app"; sourceTree = BUILT_PRODUCTS_DIR; };
		C839CCE61DB5043400E85E37 /* AppDelegate.swift */ = {isa = PBXFileReference; lastKnownFileType = sourcecode.swift; path = AppDelegate.swift; sourceTree = "<group>"; };
		C839CCED1DB5043400E85E37 /* Assets.xcassets */ = {isa = PBXFileReference; lastKnownFileType = folder.assetcatalog; path = Assets.xcassets; sourceTree = "<group>"; };
		C839CCF01DB5043400E85E37 /* Base */ = {isa = PBXFileReference; lastKnownFileType = file.storyboard; name = Base; path = Base.lproj/LaunchScreen.storyboard; sourceTree = "<group>"; };
		C839CCF21DB5043400E85E37 /* Info.plist */ = {isa = PBXFileReference; lastKnownFileType = text.plist.xml; path = Info.plist; sourceTree = "<group>"; };
		C839CCF71DB5043400E85E37 /* Look AroundTests.xctest */ = {isa = PBXFileReference; explicitFileType = wrapper.cfbundle; includeInIndex = 0; path = "Look AroundTests.xctest"; sourceTree = BUILT_PRODUCTS_DIR; };
		C839CCFB1DB5043400E85E37 /* Look_AroundTests.swift */ = {isa = PBXFileReference; lastKnownFileType = sourcecode.swift; path = Look_AroundTests.swift; sourceTree = "<group>"; };
		C839CCFD1DB5043400E85E37 /* Info.plist */ = {isa = PBXFileReference; lastKnownFileType = text.plist.xml; path = Info.plist; sourceTree = "<group>"; };
		C839CD0A1DB5057A00E85E37 /* Main.storyboard */ = {isa = PBXFileReference; fileEncoding = 4; lastKnownFileType = file.storyboard; path = Main.storyboard; sourceTree = "<group>"; };
		C839CD0C1DB50AC900E85E37 /* BaseViewController.swift */ = {isa = PBXFileReference; fileEncoding = 4; lastKnownFileType = sourcecode.swift; path = BaseViewController.swift; sourceTree = "<group>"; };
		C839CD0E1DB50B1200E85E37 /* ResultContainerViewController.swift */ = {isa = PBXFileReference; fileEncoding = 4; lastKnownFileType = sourcecode.swift; path = ResultContainerViewController.swift; sourceTree = "<group>"; };
		C839CD101DB50B4100E85E37 /* MapViewController.swift */ = {isa = PBXFileReference; fileEncoding = 4; lastKnownFileType = sourcecode.swift; path = MapViewController.swift; sourceTree = "<group>"; };
		C839CD121DB50B5A00E85E37 /* ResultListViewController.swift */ = {isa = PBXFileReference; fileEncoding = 4; lastKnownFileType = sourcecode.swift; path = ResultListViewController.swift; sourceTree = "<group>"; };
		C8A997EF1DB634C600B174DD /* UIViewController+Activity.swift */ = {isa = PBXFileReference; fileEncoding = 4; lastKnownFileType = sourcecode.swift; path = "UIViewController+Activity.swift"; sourceTree = "<group>"; };
/* End PBXFileReference section */

/* Begin PBXFrameworksBuildPhase section */
		C839CCE01DB5043400E85E37 /* Frameworks */ = {
			isa = PBXFrameworksBuildPhase;
			buildActionMask = 2147483647;
			files = (
				E0F3763B54BAFE315D8471CE /* Pods_Look_Around.framework in Frameworks */,
			);
			runOnlyForDeploymentPostprocessing = 0;
		};
		C839CCF41DB5043400E85E37 /* Frameworks */ = {
			isa = PBXFrameworksBuildPhase;
			buildActionMask = 2147483647;
			files = (
				D3BAAA307D00FF2AFCFB1D96 /* Pods_Look_AroundTests.framework in Frameworks */,
			);
			runOnlyForDeploymentPostprocessing = 0;
		};
/* End PBXFrameworksBuildPhase section */

/* Begin PBXGroup section */
		2814A34DE63665010B0665F5 /* Frameworks */ = {
			isa = PBXGroup;
			children = (
				C83645A81DB57C2D00766F23 /* CoreLocation.framework */,
				A2B7E3A9BA39E4D020B28A9D /* Pods_Look_Around.framework */,
				689402B2363524CC466A9EA9 /* Pods_Look_AroundTests.framework */,
			);
			name = Frameworks;
			sourceTree = "<group>";
		};
		4CF408D8556A8572E9491857 /* Pods */ = {
			isa = PBXGroup;
			children = (
				27B06FF1A19743FA08326E93 /* Pods-Look Around.debug.xcconfig */,
				449A776F9C4FB86B2E9580D6 /* Pods-Look Around.release.xcconfig */,
				A9B056D8E883373351D68371 /* Pods-Look AroundTests.debug.xcconfig */,
				BCBE6E66D25A513D6BDF8350 /* Pods-Look AroundTests.release.xcconfig */,
			);
			name = Pods;
			sourceTree = "<group>";
		};
		C836459D1DB566A900766F23 /* Utils */ = {
			isa = PBXGroup;
			children = (
				C836459E1DB566CB00766F23 /* Constants.swift */,
				C83645A01DB5673B00766F23 /* UrlBuilderUtil.swift */,
				C83645A41DB569DA00766F23 /* HttpErrorHandler.swift */,
			);
			path = Utils;
			sourceTree = "<group>";
		};
		C83645AC1DB618CB00766F23 /* Views */ = {
			isa = PBXGroup;
			children = (
				C83645AD1DB618E600766F23 /* TableViewCells */,
			);
			path = Views;
			sourceTree = "<group>";
		};
		C83645AD1DB618E600766F23 /* TableViewCells */ = {
			isa = PBXGroup;
			children = (
				C83645AE1DB6191100766F23 /* VenuTableViewCell.swift */,
			);
			path = TableViewCells;
			sourceTree = "<group>";
		};
		C839CCDA1DB5043300E85E37 = {
			isa = PBXGroup;
			children = (
				C839CCE51DB5043400E85E37 /* Look Around */,
				C839CCFA1DB5043400E85E37 /* Look AroundTests */,
				C839CCE41DB5043400E85E37 /* Products */,
				4CF408D8556A8572E9491857 /* Pods */,
				2814A34DE63665010B0665F5 /* Frameworks */,
			);
			sourceTree = "<group>";
		};
		C839CCE41DB5043400E85E37 /* Products */ = {
			isa = PBXGroup;
			children = (
				C839CCE31DB5043400E85E37 /* Look Around.app */,
				C839CCF71DB5043400E85E37 /* Look AroundTests.xctest */,
			);
			name = Products;
			sourceTree = "<group>";
		};
		C839CCE51DB5043400E85E37 /* Look Around */ = {
			isa = PBXGroup;
			children = (
				C8A997EE1DB634A600B174DD /* Extensions */,
				C836459D1DB566A900766F23 /* Utils */,
				C839CD091DB5053A00E85E37 /* Models */,
				C839CD081DB5051D00E85E37 /* Service */,
				C839CD071DB504F100E85E37 /* Storyboards */,
				C839CD061DB504E700E85E37 /* View Controllers */,
				C83645AC1DB618CB00766F23 /* Views */,
				C839CCE61DB5043400E85E37 /* AppDelegate.swift */,
				C839CCED1DB5043400E85E37 /* Assets.xcassets */,
				C839CCEF1DB5043400E85E37 /* LaunchScreen.storyboard */,
				C839CCF21DB5043400E85E37 /* Info.plist */,
			);
			path = "Look Around";
			sourceTree = "<group>";
		};
		C839CCFA1DB5043400E85E37 /* Look AroundTests */ = {
			isa = PBXGroup;
			children = (
				C839CCFB1DB5043400E85E37 /* Look_AroundTests.swift */,
				C839CCFD1DB5043400E85E37 /* Info.plist */,
			);
			path = "Look AroundTests";
			sourceTree = "<group>";
		};
		C839CD061DB504E700E85E37 /* View Controllers */ = {
			isa = PBXGroup;
			children = (
				C839CD0C1DB50AC900E85E37 /* BaseViewController.swift */,
				C839CD0E1DB50B1200E85E37 /* ResultContainerViewController.swift */,
				C839CD101DB50B4100E85E37 /* MapViewController.swift */,
				C839CD121DB50B5A00E85E37 /* ResultListViewController.swift */,
				C836459B1DB564BD00766F23 /* SettingsViewController.swift */,
			);
			path = "View Controllers";
			sourceTree = "<group>";
		};
		C839CD071DB504F100E85E37 /* Storyboards */ = {
			isa = PBXGroup;
			children = (
				C839CD0A1DB5057A00E85E37 /* Main.storyboard */,
			);
			path = Storyboards;
			sourceTree = "<group>";
		};
		C839CD081DB5051D00E85E37 /* Service */ = {
			isa = PBXGroup;
			children = (
				C83645A21DB5688600766F23 /* ForsquareService.swift */,
			);
			path = Service;
			sourceTree = "<group>";
		};
		C839CD091DB5053A00E85E37 /* Models */ = {
			isa = PBXGroup;
			children = (
				C83645A61DB5793600766F23 /* VenueModel.swift */,
				C83645AA1DB611CB00766F23 /* LocationModel.swift */,
			);
			path = Models;
			sourceTree = "<group>";
		};
		C8A997EE1DB634A600B174DD /* Extensions */ = {
			isa = PBXGroup;
			children = (
				C8A997EF1DB634C600B174DD /* UIViewController+Activity.swift */,
			);
			path = Extensions;
			sourceTree = "<group>";
		};
/* End PBXGroup section */

/* Begin PBXNativeTarget section */
		C839CCE21DB5043400E85E37 /* Look Around */ = {
			isa = PBXNativeTarget;
			buildConfigurationList = C839CD001DB5043400E85E37 /* Build configuration list for PBXNativeTarget "Look Around" */;
			buildPhases = (
				0A8B9E53660F8D4C6D45533A /* [CP] Check Pods Manifest.lock */,
				C839CCDF1DB5043400E85E37 /* Sources */,
				C839CCE01DB5043400E85E37 /* Frameworks */,
				C839CCE11DB5043400E85E37 /* Resources */,
				C8BC6FDA988606580CDB5CBD /* [CP] Embed Pods Frameworks */,
				45743115F63786BBE6526FE2 /* [CP] Copy Pods Resources */,
			);
			buildRules = (
			);
			dependencies = (
			);
			name = "Look Around";
			productName = "Look Around";
			productReference = C839CCE31DB5043400E85E37 /* Look Around.app */;
			productType = "com.apple.product-type.application";
		};
		C839CCF61DB5043400E85E37 /* Look AroundTests */ = {
			isa = PBXNativeTarget;
			buildConfigurationList = C839CD031DB5043400E85E37 /* Build configuration list for PBXNativeTarget "Look AroundTests" */;
			buildPhases = (
				0F7E6B5B544831098E101CE4 /* [CP] Check Pods Manifest.lock */,
				C839CCF31DB5043400E85E37 /* Sources */,
				C839CCF41DB5043400E85E37 /* Frameworks */,
				C839CCF51DB5043400E85E37 /* Resources */,
				C1354808C60E90AE8B2278AE /* [CP] Embed Pods Frameworks */,
				080CEA415447761EE3D7D1EE /* [CP] Copy Pods Resources */,
			);
			buildRules = (
			);
			dependencies = (
				C839CCF91DB5043400E85E37 /* PBXTargetDependency */,
			);
			name = "Look AroundTests";
			productName = "Look AroundTests";
			productReference = C839CCF71DB5043400E85E37 /* Look AroundTests.xctest */;
			productType = "com.apple.product-type.bundle.unit-test";
		};
/* End PBXNativeTarget section */

/* Begin PBXProject section */
		C839CCDB1DB5043400E85E37 /* Project object */ = {
			isa = PBXProject;
			attributes = {
				LastSwiftUpdateCheck = 0800;
				LastUpgradeCheck = 0800;
				ORGANIZATIONNAME = OpenSooq;
				TargetAttributes = {
					C839CCE21DB5043400E85E37 = {
						CreatedOnToolsVersion = 8.0;
						ProvisioningStyle = Automatic;
					};
					C839CCF61DB5043400E85E37 = {
						CreatedOnToolsVersion = 8.0;
						ProvisioningStyle = Automatic;
						TestTargetID = C839CCE21DB5043400E85E37;
					};
				};
			};
			buildConfigurationList = C839CCDE1DB5043400E85E37 /* Build configuration list for PBXProject "Look Around" */;
			compatibilityVersion = "Xcode 3.2";
			developmentRegion = English;
			hasScannedForEncodings = 0;
			knownRegions = (
				en,
				Base,
			);
			mainGroup = C839CCDA1DB5043300E85E37;
			productRefGroup = C839CCE41DB5043400E85E37 /* Products */;
			projectDirPath = "";
			projectRoot = "";
			targets = (
				C839CCE21DB5043400E85E37 /* Look Around */,
				C839CCF61DB5043400E85E37 /* Look AroundTests */,
			);
		};
/* End PBXProject section */

/* Begin PBXResourcesBuildPhase section */
		C839CCE11DB5043400E85E37 /* Resources */ = {
			isa = PBXResourcesBuildPhase;
			buildActionMask = 2147483647;
			files = (
				C839CD0B1DB5057A00E85E37 /* Main.storyboard in Resources */,
				C839CCF11DB5043400E85E37 /* LaunchScreen.storyboard in Resources */,
				C839CCEE1DB5043400E85E37 /* Assets.xcassets in Resources */,
			);
			runOnlyForDeploymentPostprocessing = 0;
		};
		C839CCF51DB5043400E85E37 /* Resources */ = {
			isa = PBXResourcesBuildPhase;
			buildActionMask = 2147483647;
			files = (
			);
			runOnlyForDeploymentPostprocessing = 0;
		};
/* End PBXResourcesBuildPhase section */

/* Begin PBXShellScriptBuildPhase section */
		080CEA415447761EE3D7D1EE /* [CP] Copy Pods Resources */ = {
			isa = PBXShellScriptBuildPhase;
			buildActionMask = 2147483647;
			files = (
			);
			inputPaths = (
			);
			name = "[CP] Copy Pods Resources";
			outputPaths = (
			);
			runOnlyForDeploymentPostprocessing = 0;
			shellPath = /bin/sh;
			shellScript = "\"${SRCROOT}/Pods/Target Support Files/Pods-Look AroundTests/Pods-Look AroundTests-resources.sh\"\n";
			showEnvVarsInLog = 0;
		};
		0A8B9E53660F8D4C6D45533A /* [CP] Check Pods Manifest.lock */ = {
			isa = PBXShellScriptBuildPhase;
			buildActionMask = 2147483647;
			files = (
			);
			inputPaths = (
			);
			name = "[CP] Check Pods Manifest.lock";
			outputPaths = (
			);
			runOnlyForDeploymentPostprocessing = 0;
			shellPath = /bin/sh;
			shellScript = "diff \"${PODS_ROOT}/../Podfile.lock\" \"${PODS_ROOT}/Manifest.lock\" > /dev/null\nif [[ $? != 0 ]] ; then\n    cat << EOM\nerror: The sandbox is not in sync with the Podfile.lock. Run 'pod install' or update your CocoaPods installation.\nEOM\n    exit 1\nfi\n";
			showEnvVarsInLog = 0;
		};
		0F7E6B5B544831098E101CE4 /* [CP] Check Pods Manifest.lock */ = {
			isa = PBXShellScriptBuildPhase;
			buildActionMask = 2147483647;
			files = (
			);
			inputPaths = (
			);
			name = "[CP] Check Pods Manifest.lock";
			outputPaths = (
			);
			runOnlyForDeploymentPostprocessing = 0;
			shellPath = /bin/sh;
			shellScript = "diff \"${PODS_ROOT}/../Podfile.lock\" \"${PODS_ROOT}/Manifest.lock\" > /dev/null\nif [[ $? != 0 ]] ; then\n    cat << EOM\nerror: The sandbox is not in sync with the Podfile.lock. Run 'pod install' or update your CocoaPods installation.\nEOM\n    exit 1\nfi\n";
			showEnvVarsInLog = 0;
		};
		45743115F63786BBE6526FE2 /* [CP] Copy Pods Resources */ = {
			isa = PBXShellScriptBuildPhase;
			buildActionMask = 2147483647;
			files = (
			);
			inputPaths = (
			);
			name = "[CP] Copy Pods Resources";
			outputPaths = (
			);
			runOnlyForDeploymentPostprocessing = 0;
			shellPath = /bin/sh;
			shellScript = "\"${SRCROOT}/Pods/Target Support Files/Pods-Look Around/Pods-Look Around-resources.sh\"\n";
			showEnvVarsInLog = 0;
		};
		C1354808C60E90AE8B2278AE /* [CP] Embed Pods Frameworks */ = {
			isa = PBXShellScriptBuildPhase;
			buildActionMask = 2147483647;
			files = (
			);
			inputPaths = (
			);
			name = "[CP] Embed Pods Frameworks";
			outputPaths = (
			);
			runOnlyForDeploymentPostprocessing = 0;
			shellPath = /bin/sh;
			shellScript = "\"${SRCROOT}/Pods/Target Support Files/Pods-Look AroundTests/Pods-Look AroundTests-frameworks.sh\"\n";
			showEnvVarsInLog = 0;
		};
		C8BC6FDA988606580CDB5CBD /* [CP] Embed Pods Frameworks */ = {
			isa = PBXShellScriptBuildPhase;
			buildActionMask = 2147483647;
			files = (
			);
			inputPaths = (
			);
			name = "[CP] Embed Pods Frameworks";
			outputPaths = (
			);
			runOnlyForDeploymentPostprocessing = 0;
			shellPath = /bin/sh;
			shellScript = "\"${SRCROOT}/Pods/Target Support Files/Pods-Look Around/Pods-Look Around-frameworks.sh\"\n";
			showEnvVarsInLog = 0;
		};
/* End PBXShellScriptBuildPhase section */

/* Begin PBXSourcesBuildPhase section */
		C839CCDF1DB5043400E85E37 /* Sources */ = {
			isa = PBXSourcesBuildPhase;
			buildActionMask = 2147483647;
			files = (
				C83645AF1DB6191100766F23 /* VenuTableViewCell.swift in Sources */,
				C839CCE71DB5043400E85E37 /* AppDelegate.swift in Sources */,
				C839CD0F1DB50B1200E85E37 /* ResultContainerViewController.swift in Sources */,
				C839CD131DB50B5A00E85E37 /* ResultListViewController.swift in Sources */,
				C839CD0D1DB50AC900E85E37 /* BaseViewController.swift in Sources */,
				C83645AB1DB611CB00766F23 /* LocationModel.swift in Sources */,
				C836459F1DB566CB00766F23 /* Constants.swift in Sources */,
				C83645A51DB569DA00766F23 /* HttpErrorHandler.swift in Sources */,
				C839CD111DB50B4100E85E37 /* MapViewController.swift in Sources */,
				C83645A31DB5688600766F23 /* ForsquareService.swift in Sources */,
				C836459C1DB564BD00766F23 /* SettingsViewController.swift in Sources */,
				C83645A71DB5793600766F23 /* VenueModel.swift in Sources */,
				C83645A11DB5673B00766F23 /* UrlBuilderUtil.swift in Sources */,
				C8A997F01DB634C600B174DD /* UIViewController+Activity.swift in Sources */,
			);
			runOnlyForDeploymentPostprocessing = 0;
		};
		C839CCF31DB5043400E85E37 /* Sources */ = {
			isa = PBXSourcesBuildPhase;
			buildActionMask = 2147483647;
			files = (
				C839CCFC1DB5043400E85E37 /* Look_AroundTests.swift in Sources */,
			);
			runOnlyForDeploymentPostprocessing = 0;
		};
/* End PBXSourcesBuildPhase section */

/* Begin PBXTargetDependency section */
		C839CCF91DB5043400E85E37 /* PBXTargetDependency */ = {
			isa = PBXTargetDependency;
			target = C839CCE21DB5043400E85E37 /* Look Around */;
			targetProxy = C839CCF81DB5043400E85E37 /* PBXContainerItemProxy */;
		};
/* End PBXTargetDependency section */

/* Begin PBXVariantGroup section */
		C839CCEF1DB5043400E85E37 /* LaunchScreen.storyboard */ = {
			isa = PBXVariantGroup;
			children = (
				C839CCF01DB5043400E85E37 /* Base */,
			);
			name = LaunchScreen.storyboard;
			sourceTree = "<group>";
		};
/* End PBXVariantGroup section */

/* Begin XCBuildConfiguration section */
		C839CCFE1DB5043400E85E37 /* Debug */ = {
			isa = XCBuildConfiguration;
			buildSettings = {
				ALWAYS_SEARCH_USER_PATHS = NO;
				CLANG_ANALYZER_NONNULL = YES;
				CLANG_CXX_LANGUAGE_STANDARD = "gnu++0x";
				CLANG_CXX_LIBRARY = "libc++";
				CLANG_ENABLE_MODULES = YES;
				CLANG_ENABLE_OBJC_ARC = YES;
				CLANG_WARN_BOOL_CONVERSION = YES;
				CLANG_WARN_CONSTANT_CONVERSION = YES;
				CLANG_WARN_DIRECT_OBJC_ISA_USAGE = YES_ERROR;
				CLANG_WARN_DOCUMENTATION_COMMENTS = YES;
				CLANG_WARN_EMPTY_BODY = YES;
				CLANG_WARN_ENUM_CONVERSION = YES;
				CLANG_WARN_INFINITE_RECURSION = YES;
				CLANG_WARN_INT_CONVERSION = YES;
				CLANG_WARN_OBJC_ROOT_CLASS = YES_ERROR;
				CLANG_WARN_SUSPICIOUS_MOVES = YES;
				CLANG_WARN_UNREACHABLE_CODE = YES;
				CLANG_WARN__DUPLICATE_METHOD_MATCH = YES;
				"CODE_SIGN_IDENTITY[sdk=iphoneos*]" = "iPhone Developer";
				COPY_PHASE_STRIP = NO;
				DEBUG_INFORMATION_FORMAT = dwarf;
				ENABLE_STRICT_OBJC_MSGSEND = YES;
				ENABLE_TESTABILITY = YES;
				GCC_C_LANGUAGE_STANDARD = gnu99;
				GCC_DYNAMIC_NO_PIC = NO;
				GCC_NO_COMMON_BLOCKS = YES;
				GCC_OPTIMIZATION_LEVEL = 0;
				GCC_PREPROCESSOR_DEFINITIONS = (
					"DEBUG=1",
					"$(inherited)",
				);
				GCC_WARN_64_TO_32_BIT_CONVERSION = YES;
				GCC_WARN_ABOUT_RETURN_TYPE = YES_ERROR;
				GCC_WARN_UNDECLARED_SELECTOR = YES;
				GCC_WARN_UNINITIALIZED_AUTOS = YES_AGGRESSIVE;
				GCC_WARN_UNUSED_FUNCTION = YES;
				GCC_WARN_UNUSED_VARIABLE = YES;
				IPHONEOS_DEPLOYMENT_TARGET = 10.0;
				MTL_ENABLE_DEBUG_INFO = YES;
				ONLY_ACTIVE_ARCH = YES;
				SDKROOT = iphoneos;
				SWIFT_ACTIVE_COMPILATION_CONDITIONS = DEBUG;
				SWIFT_OPTIMIZATION_LEVEL = "-Onone";
			};
			name = Debug;
		};
		C839CCFF1DB5043400E85E37 /* Release */ = {
			isa = XCBuildConfiguration;
			buildSettings = {
				ALWAYS_SEARCH_USER_PATHS = NO;
				CLANG_ANALYZER_NONNULL = YES;
				CLANG_CXX_LANGUAGE_STANDARD = "gnu++0x";
				CLANG_CXX_LIBRARY = "libc++";
				CLANG_ENABLE_MODULES = YES;
				CLANG_ENABLE_OBJC_ARC = YES;
				CLANG_WARN_BOOL_CONVERSION = YES;
				CLANG_WARN_CONSTANT_CONVERSION = YES;
				CLANG_WARN_DIRECT_OBJC_ISA_USAGE = YES_ERROR;
				CLANG_WARN_DOCUMENTATION_COMMENTS = YES;
				CLANG_WARN_EMPTY_BODY = YES;
				CLANG_WARN_ENUM_CONVERSION = YES;
				CLANG_WARN_INFINITE_RECURSION = YES;
				CLANG_WARN_INT_CONVERSION = YES;
				CLANG_WARN_OBJC_ROOT_CLASS = YES_ERROR;
				CLANG_WARN_SUSPICIOUS_MOVES = YES;
				CLANG_WARN_UNREACHABLE_CODE = YES;
				CLANG_WARN__DUPLICATE_METHOD_MATCH = YES;
				"CODE_SIGN_IDENTITY[sdk=iphoneos*]" = "iPhone Developer";
				COPY_PHASE_STRIP = NO;
				DEBUG_INFORMATION_FORMAT = "dwarf-with-dsym";
				ENABLE_NS_ASSERTIONS = NO;
				ENABLE_STRICT_OBJC_MSGSEND = YES;
				GCC_C_LANGUAGE_STANDARD = gnu99;
				GCC_NO_COMMON_BLOCKS = YES;
				GCC_WARN_64_TO_32_BIT_CONVERSION = YES;
				GCC_WARN_ABOUT_RETURN_TYPE = YES_ERROR;
				GCC_WARN_UNDECLARED_SELECTOR = YES;
				GCC_WARN_UNINITIALIZED_AUTOS = YES_AGGRESSIVE;
				GCC_WARN_UNUSED_FUNCTION = YES;
				GCC_WARN_UNUSED_VARIABLE = YES;
				IPHONEOS_DEPLOYMENT_TARGET = 10.0;
				MTL_ENABLE_DEBUG_INFO = NO;
				SDKROOT = iphoneos;
				SWIFT_OPTIMIZATION_LEVEL = "-Owholemodule";
				VALIDATE_PRODUCT = YES;
			};
			name = Release;
		};
		C839CD011DB5043400E85E37 /* Debug */ = {
			isa = XCBuildConfiguration;
			baseConfigurationReference = 27B06FF1A19743FA08326E93 /* Pods-Look Around.debug.xcconfig */;
			buildSettings = {
				ASSETCATALOG_COMPILER_APPICON_NAME = AppIcon;
				INFOPLIST_FILE = "Look Around/Info.plist";
				IPHONEOS_DEPLOYMENT_TARGET = 9.0;
				LD_RUNPATH_SEARCH_PATHS = "$(inherited) @executable_path/Frameworks";
				PRODUCT_BUNDLE_IDENTIFIER = com.opensooq.LookAround;
				PRODUCT_NAME = "$(TARGET_NAME)";
				SWIFT_VERSION = 2.3;
			};
			name = Debug;
		};
		C839CD021DB5043400E85E37 /* Release */ = {
			isa = XCBuildConfiguration;
			baseConfigurationReference = 449A776F9C4FB86B2E9580D6 /* Pods-Look Around.release.xcconfig */;
			buildSettings = {
				ASSETCATALOG_COMPILER_APPICON_NAME = AppIcon;
				INFOPLIST_FILE = "Look Around/Info.plist";
				IPHONEOS_DEPLOYMENT_TARGET = 9.0;
				LD_RUNPATH_SEARCH_PATHS = "$(inherited) @executable_path/Frameworks";
				PRODUCT_BUNDLE_IDENTIFIER = com.opensooq.LookAround;
				PRODUCT_NAME = "$(TARGET_NAME)";
				SWIFT_VERSION = 2.3;
			};
			name = Release;
		};
		C839CD041DB5043400E85E37 /* Debug */ = {
			isa = XCBuildConfiguration;
			baseConfigurationReference = A9B056D8E883373351D68371 /* Pods-Look AroundTests.debug.xcconfig */;
			buildSettings = {
				ALWAYS_EMBED_SWIFT_STANDARD_LIBRARIES = YES;
				BUNDLE_LOADER = "$(TEST_HOST)";
				INFOPLIST_FILE = "Look AroundTests/Info.plist";
				LD_RUNPATH_SEARCH_PATHS = "$(inherited) @executable_path/Frameworks @loader_path/Frameworks";
				PRODUCT_BUNDLE_IDENTIFIER = "com.opensooq.Look-AroundTests";
				PRODUCT_NAME = "$(TARGET_NAME)";
				SWIFT_VERSION = 3.0;
				TEST_HOST = "$(BUILT_PRODUCTS_DIR)/Look Around.app/Look Around";
			};
			name = Debug;
		};
		C839CD051DB5043400E85E37 /* Release */ = {
			isa = XCBuildConfiguration;
			baseConfigurationReference = BCBE6E66D25A513D6BDF8350 /* Pods-Look AroundTests.release.xcconfig */;
			buildSettings = {
				ALWAYS_EMBED_SWIFT_STANDARD_LIBRARIES = YES;
				BUNDLE_LOADER = "$(TEST_HOST)";
				INFOPLIST_FILE = "Look AroundTests/Info.plist";
				LD_RUNPATH_SEARCH_PATHS = "$(inherited) @executable_path/Frameworks @loader_path/Frameworks";
				PRODUCT_BUNDLE_IDENTIFIER = "com.opensooq.Look-AroundTests";
				PRODUCT_NAME = "$(TARGET_NAME)";
				SWIFT_VERSION = 3.0;
				TEST_HOST = "$(BUILT_PRODUCTS_DIR)/Look Around.app/Look Around";
			};
			name = Release;
		};
/* End XCBuildConfiguration section */

/* Begin XCConfigurationList section */
		C839CCDE1DB5043400E85E37 /* Build configuration list for PBXProject "Look Around" */ = {
			isa = XCConfigurationList;
			buildConfigurations = (
				C839CCFE1DB5043400E85E37 /* Debug */,
				C839CCFF1DB5043400E85E37 /* Release */,
			);
			defaultConfigurationIsVisible = 0;
			defaultConfigurationName = Release;
		};
		C839CD001DB5043400E85E37 /* Build configuration list for PBXNativeTarget "Look Around" */ = {
			isa = XCConfigurationList;
			buildConfigurations = (
				C839CD011DB5043400E85E37 /* Debug */,
				C839CD021DB5043400E85E37 /* Release */,
			);
			defaultConfigurationIsVisible = 0;
			defaultConfigurationName = Release;
		};
		C839CD031DB5043400E85E37 /* Build configuration list for PBXNativeTarget "Look AroundTests" */ = {
			isa = XCConfigurationList;
			buildConfigurations = (
				C839CD041DB5043400E85E37 /* Debug */,
				C839CD051DB5043400E85E37 /* Release */,
			);
			defaultConfigurationIsVisible = 0;
			defaultConfigurationName = Release;
		};
/* End XCConfigurationList section */
	};
	rootObject = C839CCDB1DB5043400E85E37 /* Project object */;
}
